{
  "object": {
    "pins": [
      {
        "package": "Elo",
        "repositoryURL": "https://github.com/dzAtZJU/Elo",
        "state": {
          "branch": "main",
          "revision": "75d45bec618150e383950d60b97f588b68d4483e",
          "version": null
        }
      },
      {
        "package": "Elo_Itself",
        "repositoryURL": "https://github.com/dzAtZJU/Elo-Itself",
        "state": {
          "branch": "master",
          "revision": "017724dad862992ac6295f40931caa6a52fb821e",
          "version": null
        }
      }
    ]
  },
  "version": 1
}
