{
  "object": {
    "pins": [
      {
        "package": "Elo",
        "repositoryURL": "https://github.com/dzAtZJU/Elo",
        "state": {
          "branch": "main",
          "revision": "0ae78162a10447554fc00fa3865cff2cc35ab192",
          "version": null
        }
      },
      {
        "package": "Elo_Itself",
        "repositoryURL": "https://github.com/dzAtZJU/Elo-Itself",
        "state": {
          "branch": "master",
          "revision": "5a0ccc8faf39b51452b8482f4ee43bd7c36403fa",
          "version": null
        }
      }
    ]
  },
  "version": 1
}
