{
  "object": {
    "pins": [
      {
        "package": "Elo",
        "repositoryURL": "https://github.com/dzAtZJU/Elo",
        "state": {
          "branch": "main",
          "revision": "bf4b5e1cc8a409304576082888f060bb8c422fcd",
          "version": null
        }
      },
      {
        "package": "Elo_Itself",
        "repositoryURL": "https://github.com/dzAtZJU/Elo-Itself",
        "state": {
          "branch": "master",
          "revision": "6b969a3422925186a69495f12488ed6049f7bf0d",
          "version": null
        }
      }
    ]
  },
  "version": 1
}
